
Microsoft Visual Studio Solution File, Format Version 12.00
# Visual Studio Version 16
VisualStudioVersion = 16.0.31005.135
MinimumVisualStudioVersion = 10.0.40219.1
Project("{9A19103F-16F7-4668-BE54-9A1E7A4F7556}") = "API_System", "TP\API_System.csproj", "{CD49A112-176D-4436-BC9B-7FFA862A46B1}"
EndProject
Project("{9A19103F-16F7-4668-BE54-9A1E7A4F7556}") = "Helpers", "Helpers\Helpers.csproj", "{BE80881F-5F09-422A-A3E2-80BEC14679FB}"
EndProject
Project("{9A19103F-16F7-4668-BE54-9A1E7A4F7556}") = "BLL", "BLL\BLL.csproj", "{00A66D51-9049-40D1-8B8F-A6A002D0DD7D}"
EndProject
Project("{9A19103F-16F7-4668-BE54-9A1E7A4F7556}") = "DAL", "DAL\DAL.csproj", "{9BD790AC-6677-49A7-8089-F8D5C4E72B89}"
EndProject
Project("{9A19103F-16F7-4668-BE54-9A1E7A4F7556}") = "Repository", "Repository\Repository.csproj", "{EF2F7C0E-E200-4F76-952E-DD5C072E5044}"
EndProject
Project("{9A19103F-16F7-4668-BE54-9A1E7A4F7556}") = "CL_Arm", "CL_Arm\CL_Arm.csproj", "{EB3BAB35-06FF-4967-AD71-4CD0AFEF38C4}"
EndProject
Project("{9A19103F-16F7-4668-BE54-9A1E7A4F7556}") = "CL_Band", "CL_Band\CL_Band.csproj", "{67CAD9EF-6300-425E-B90F-7FE425C95AA7}"
EndProject
Project("{9A19103F-16F7-4668-BE54-9A1E7A4F7556}") = "CL_Press", "CL_Press\CL_Press.csproj", "{2E1AC97A-9AA6-4D15-A949-95CC4C1646B2}"
EndProject
Project("{9A19103F-16F7-4668-BE54-9A1E7A4F7556}") = "CL_Control", "CL_Controll\CL_Control.csproj", "{EC69D590-5C22-4624-BF39-B0F4E858DDB8}"
EndProject
Global
	GlobalSection(SolutionConfigurationPlatforms) = preSolution
		Debug|Any CPU = Debug|Any CPU
		Release|Any CPU = Release|Any CPU
	EndGlobalSection
	GlobalSection(ProjectConfigurationPlatforms) = postSolution
		{CD49A112-176D-4436-BC9B-7FFA862A46B1}.Debug|Any CPU.ActiveCfg = Debug|Any CPU
		{CD49A112-176D-4436-BC9B-7FFA862A46B1}.Debug|Any CPU.Build.0 = Debug|Any CPU
		{CD49A112-176D-4436-BC9B-7FFA862A46B1}.Release|Any CPU.ActiveCfg = Release|Any CPU
		{CD49A112-176D-4436-BC9B-7FFA862A46B1}.Release|Any CPU.Build.0 = Release|Any CPU
		{BE80881F-5F09-422A-A3E2-80BEC14679FB}.Debug|Any CPU.ActiveCfg = Debug|Any CPU
		{BE80881F-5F09-422A-A3E2-80BEC14679FB}.Debug|Any CPU.Build.0 = Debug|Any CPU
		{BE80881F-5F09-422A-A3E2-80BEC14679FB}.Release|Any CPU.ActiveCfg = Release|Any CPU
		{BE80881F-5F09-422A-A3E2-80BEC14679FB}.Release|Any CPU.Build.0 = Release|Any CPU
		{00A66D51-9049-40D1-8B8F-A6A002D0DD7D}.Debug|Any CPU.ActiveCfg = Debug|Any CPU
		{00A66D51-9049-40D1-8B8F-A6A002D0DD7D}.Debug|Any CPU.Build.0 = Debug|Any CPU
		{00A66D51-9049-40D1-8B8F-A6A002D0DD7D}.Release|Any CPU.ActiveCfg = Release|Any CPU
		{00A66D51-9049-40D1-8B8F-A6A002D0DD7D}.Release|Any CPU.Build.0 = Release|Any CPU
		{9BD790AC-6677-49A7-8089-F8D5C4E72B89}.Debug|Any CPU.ActiveCfg = Debug|Any CPU
		{9BD790AC-6677-49A7-8089-F8D5C4E72B89}.Debug|Any CPU.Build.0 = Debug|Any CPU
		{9BD790AC-6677-49A7-8089-F8D5C4E72B89}.Release|Any CPU.ActiveCfg = Release|Any CPU
		{9BD790AC-6677-49A7-8089-F8D5C4E72B89}.Release|Any CPU.Build.0 = Release|Any CPU
		{EF2F7C0E-E200-4F76-952E-DD5C072E5044}.Debug|Any CPU.ActiveCfg = Debug|Any CPU
		{EF2F7C0E-E200-4F76-952E-DD5C072E5044}.Debug|Any CPU.Build.0 = Debug|Any CPU
		{EF2F7C0E-E200-4F76-952E-DD5C072E5044}.Release|Any CPU.ActiveCfg = Release|Any CPU
		{EF2F7C0E-E200-4F76-952E-DD5C072E5044}.Release|Any CPU.Build.0 = Release|Any CPU
		{EB3BAB35-06FF-4967-AD71-4CD0AFEF38C4}.Debug|Any CPU.ActiveCfg = Debug|Any CPU
		{EB3BAB35-06FF-4967-AD71-4CD0AFEF38C4}.Debug|Any CPU.Build.0 = Debug|Any CPU
		{EB3BAB35-06FF-4967-AD71-4CD0AFEF38C4}.Release|Any CPU.ActiveCfg = Release|Any CPU
		{EB3BAB35-06FF-4967-AD71-4CD0AFEF38C4}.Release|Any CPU.Build.0 = Release|Any CPU
		{67CAD9EF-6300-425E-B90F-7FE425C95AA7}.Debug|Any CPU.ActiveCfg = Debug|Any CPU
		{67CAD9EF-6300-425E-B90F-7FE425C95AA7}.Debug|Any CPU.Build.0 = Debug|Any CPU
		{67CAD9EF-6300-425E-B90F-7FE425C95AA7}.Release|Any CPU.ActiveCfg = Release|Any CPU
		{67CAD9EF-6300-425E-B90F-7FE425C95AA7}.Release|Any CPU.Build.0 = Release|Any CPU
		{2E1AC97A-9AA6-4D15-A949-95CC4C1646B2}.Debug|Any CPU.ActiveCfg = Debug|Any CPU
		{2E1AC97A-9AA6-4D15-A949-95CC4C1646B2}.Debug|Any CPU.Build.0 = Debug|Any CPU
		{2E1AC97A-9AA6-4D15-A949-95CC4C1646B2}.Release|Any CPU.ActiveCfg = Release|Any CPU
		{2E1AC97A-9AA6-4D15-A949-95CC4C1646B2}.Release|Any CPU.Build.0 = Release|Any CPU
		{EC69D590-5C22-4624-BF39-B0F4E858DDB8}.Debug|Any CPU.ActiveCfg = Debug|Any CPU
		{EC69D590-5C22-4624-BF39-B0F4E858DDB8}.Debug|Any CPU.Build.0 = Debug|Any CPU
		{EC69D590-5C22-4624-BF39-B0F4E858DDB8}.Release|Any CPU.ActiveCfg = Release|Any CPU
		{EC69D590-5C22-4624-BF39-B0F4E858DDB8}.Release|Any CPU.Build.0 = Release|Any CPU
	EndGlobalSection
	GlobalSection(SolutionProperties) = preSolution
		HideSolutionNode = FALSE
	EndGlobalSection
	GlobalSection(ExtensibilityGlobals) = postSolution
		SolutionGuid = {1D7E49F1-99D5-4448-A811-DB522A828472}
	EndGlobalSection
EndGlobal
